
Microsoft Visual Studio Solution File, Format Version 12.00
# Visual Studio Version 17
VisualStudioVersion = 17.2.32616.157
MinimumVisualStudioVersion = 10.0.40219.1
Project("{9A19103F-16F7-4668-BE54-9A1E7A4F7556}") = "GraphQLHotChocolate", "GraphQLHotChocolate\GraphQLHotChocolate.csproj", "{F56B1A1C-3362-4910-ABAB-9E981795D5C3}"
EndProject
Project("{FAE04EC0-301F-11D3-BF4B-00C04F79EFBC}") = "GraphQL.NETClient", "GraphQL.NETClient\GraphQL.NETClient.csproj", "{DBBE3EB0-BBE7-4B41-8190-DF06000CE302}"
EndProject
Global
	GlobalSection(SolutionConfigurationPlatforms) = preSolution
		Debug|Any CPU = Debug|Any CPU
		Release|Any CPU = Release|Any CPU
	EndGlobalSection
	GlobalSection(ProjectConfigurationPlatforms) = postSolution
		{F56B1A1C-3362-4910-ABAB-9E981795D5C3}.Debug|Any CPU.ActiveCfg = Debug|Any CPU
		{F56B1A1C-3362-4910-ABAB-9E981795D5C3}.Debug|Any CPU.Build.0 = Debug|Any CPU
		{F56B1A1C-3362-4910-ABAB-9E981795D5C3}.Release|Any CPU.ActiveCfg = Release|Any CPU
		{F56B1A1C-3362-4910-ABAB-9E981795D5C3}.Release|Any CPU.Build.0 = Release|Any CPU
		{DBBE3EB0-BBE7-4B41-8190-DF06000CE302}.Debug|Any CPU.ActiveCfg = Debug|Any CPU
		{DBBE3EB0-BBE7-4B41-8190-DF06000CE302}.Debug|Any CPU.Build.0 = Debug|Any CPU
		{DBBE3EB0-BBE7-4B41-8190-DF06000CE302}.Release|Any CPU.ActiveCfg = Release|Any CPU
		{DBBE3EB0-BBE7-4B41-8190-DF06000CE302}.Release|Any CPU.Build.0 = Release|Any CPU
	EndGlobalSection
	GlobalSection(SolutionProperties) = preSolution
		HideSolutionNode = FALSE
	EndGlobalSection
	GlobalSection(ExtensibilityGlobals) = postSolution
		SolutionGuid = {D625E0B2-FADB-4BC9-86B0-B6DCDEC2AF15}
	EndGlobalSection
EndGlobal
